// !$*UTF8*$!
{
	archiveVersion = 1;
	classes = {
	};
	objectVersion = 51;
	objects = {

/* Begin PBXBuildFile section */
		62BA69B6F71B3B4F38E41E33 /* Pods_Nate_chellenge_iOS.framework in Frameworks */ = {isa = PBXBuildFile; fileRef = 88A72FB8DB5F5A74724F57CD /* Pods_Nate_chellenge_iOS.framework */; };
		730296772555CA1D008B0FB6 /* PageViewController.swift in Sources */ = {isa = PBXBuildFile; fileRef = 730296762555CA1D008B0FB6 /* PageViewController.swift */; };
		730296AE2555F43D008B0FB6 /* ViewController1.swift in Sources */ = {isa = PBXBuildFile; fileRef = 730296AD2555F43D008B0FB6 /* ViewController1.swift */; };
		730296B32555F446008B0FB6 /* ViewController2.swift in Sources */ = {isa = PBXBuildFile; fileRef = 730296B22555F446008B0FB6 /* ViewController2.swift */; };
		730296B82555F458008B0FB6 /* ViewController3.swift in Sources */ = {isa = PBXBuildFile; fileRef = 730296B72555F458008B0FB6 /* ViewController3.swift */; };
		7343EAF22556C85D00B6679E /* Product.swift in Sources */ = {isa = PBXBuildFile; fileRef = 7343EAF12556C85D00B6679E /* Product.swift */; };
		7343EAF72556C88400B6679E /* ProductTableViewCell.swift in Sources */ = {isa = PBXBuildFile; fileRef = 7343EAF62556C88400B6679E /* ProductTableViewCell.swift */; };
		7343EAFC2556CDD000B6679E /* RecommendedViewController.swift in Sources */ = {isa = PBXBuildFile; fileRef = 7343EAFB2556CDD000B6679E /* RecommendedViewController.swift */; };
		7343EB012557063800B6679E /* Merchant.swift in Sources */ = {isa = PBXBuildFile; fileRef = 7343EB002557063700B6679E /* Merchant.swift */; };
		7343EB06255707CA00B6679E /* MerchantViewController.swift in Sources */ = {isa = PBXBuildFile; fileRef = 7343EB05255707CA00B6679E /* MerchantViewController.swift */; };
		7343EB0B255707E000B6679E /* MerchantTableViewCell.swift in Sources */ = {isa = PBXBuildFile; fileRef = 7343EB0A255707E000B6679E /* MerchantTableViewCell.swift */; };
		7343EB3325576E7300B6679E /* Displayable.swift in Sources */ = {isa = PBXBuildFile; fileRef = 7343EB3225576E7300B6679E /* Displayable.swift */; };
		7343EB37255773CC00B6679E /* DetailViewController.swift in Sources */ = {isa = PBXBuildFile; fileRef = 7343EB36255773CC00B6679E /* DetailViewController.swift */; };
		7343EB3B2557777D00B6679E /* Products.swift in Sources */ = {isa = PBXBuildFile; fileRef = 7343EB3A2557777D00B6679E /* Products.swift */; };
		736418C32556226E000A0B0D /* FeedViewController.swift in Sources */ = {isa = PBXBuildFile; fileRef = 736418C22556226E000A0B0D /* FeedViewController.swift */; };
		73D2CEB225556CA7003894F2 /* AppDelegate.swift in Sources */ = {isa = PBXBuildFile; fileRef = 73D2CEB125556CA7003894F2 /* AppDelegate.swift */; };
		73D2CEB425556CA7003894F2 /* SceneDelegate.swift in Sources */ = {isa = PBXBuildFile; fileRef = 73D2CEB325556CA7003894F2 /* SceneDelegate.swift */; };
		73D2CEB625556CA7003894F2 /* HomeViewController.swift in Sources */ = {isa = PBXBuildFile; fileRef = 73D2CEB525556CA7003894F2 /* HomeViewController.swift */; };
		73D2CEB925556CA7003894F2 /* Main.storyboard in Resources */ = {isa = PBXBuildFile; fileRef = 73D2CEB725556CA7003894F2 /* Main.storyboard */; };
		73D2CEBC25556CA7003894F2 /* Nate_chellenge_iOS.xcdatamodeld in Sources */ = {isa = PBXBuildFile; fileRef = 73D2CEBA25556CA7003894F2 /* Nate_chellenge_iOS.xcdatamodeld */; };
		73D2CEBE25556CA9003894F2 /* Assets.xcassets in Resources */ = {isa = PBXBuildFile; fileRef = 73D2CEBD25556CA9003894F2 /* Assets.xcassets */; };
		73D2CEC125556CA9003894F2 /* LaunchScreen.storyboard in Resources */ = {isa = PBXBuildFile; fileRef = 73D2CEBF25556CA9003894F2 /* LaunchScreen.storyboard */; };
		73D2CECC25556CA9003894F2 /* Nate_chellenge_iOSTests.swift in Sources */ = {isa = PBXBuildFile; fileRef = 73D2CECB25556CA9003894F2 /* Nate_chellenge_iOSTests.swift */; };
		73D2CED725556CA9003894F2 /* Nate_chellenge_iOSUITests.swift in Sources */ = {isa = PBXBuildFile; fileRef = 73D2CED625556CA9003894F2 /* Nate_chellenge_iOSUITests.swift */; };
		7658BD3BCD24F7783A06702A /* Pods_Nate_chellenge_iOSTests.framework in Frameworks */ = {isa = PBXBuildFile; fileRef = C70417499FDA657CB3483717 /* Pods_Nate_chellenge_iOSTests.framework */; };
		90937D93F8CA9A3239816909 /* Pods_Nate_chellenge_iOS_Nate_chellenge_iOSUITests.framework in Frameworks */ = {isa = PBXBuildFile; fileRef = 58BF5EDB29AA188569AF3711 /* Pods_Nate_chellenge_iOS_Nate_chellenge_iOSUITests.framework */; };
/* End PBXBuildFile section */

/* Begin PBXContainerItemProxy section */
		73D2CEC825556CA9003894F2 /* PBXContainerItemProxy */ = {
			isa = PBXContainerItemProxy;
			containerPortal = 73D2CEA625556CA7003894F2 /* Project object */;
			proxyType = 1;
			remoteGlobalIDString = 73D2CEAD25556CA7003894F2;
			remoteInfo = Nate_chellenge_iOS;
		};
		73D2CED325556CA9003894F2 /* PBXContainerItemProxy */ = {
			isa = PBXContainerItemProxy;
			containerPortal = 73D2CEA625556CA7003894F2 /* Project object */;
			proxyType = 1;
			remoteGlobalIDString = 73D2CEAD25556CA7003894F2;
			remoteInfo = Nate_chellenge_iOS;
		};
/* End PBXContainerItemProxy section */

/* Begin PBXCopyFilesBuildPhase section */
		7343EB2C25575E8500B6679E /* Embed Frameworks */ = {
			isa = PBXCopyFilesBuildPhase;
			buildActionMask = 2147483647;
			dstPath = "";
			dstSubfolderSpec = 10;
			files = (
			);
			name = "Embed Frameworks";
			runOnlyForDeploymentPostprocessing = 0;
		};
/* End PBXCopyFilesBuildPhase section */

/* Begin PBXFileReference section */
		26B8340A7F3E700CC8374C00 /* Pods-Nate_chellenge_iOSTests.release.xcconfig */ = {isa = PBXFileReference; includeInIndex = 1; lastKnownFileType = text.xcconfig; name = "Pods-Nate_chellenge_iOSTests.release.xcconfig"; path = "Target Support Files/Pods-Nate_chellenge_iOSTests/Pods-Nate_chellenge_iOSTests.release.xcconfig"; sourceTree = "<group>"; };
		58BF5EDB29AA188569AF3711 /* Pods_Nate_chellenge_iOS_Nate_chellenge_iOSUITests.framework */ = {isa = PBXFileReference; explicitFileType = wrapper.framework; includeInIndex = 0; path = Pods_Nate_chellenge_iOS_Nate_chellenge_iOSUITests.framework; sourceTree = BUILT_PRODUCTS_DIR; };
		634EF433411C6E508B9AFF81 /* Pods-Nate_chellenge_iOS-Nate_chellenge_iOSUITests.release.xcconfig */ = {isa = PBXFileReference; includeInIndex = 1; lastKnownFileType = text.xcconfig; name = "Pods-Nate_chellenge_iOS-Nate_chellenge_iOSUITests.release.xcconfig"; path = "Target Support Files/Pods-Nate_chellenge_iOS-Nate_chellenge_iOSUITests/Pods-Nate_chellenge_iOS-Nate_chellenge_iOSUITests.release.xcconfig"; sourceTree = "<group>"; };
		6C2FF26DAFBAF97B2ABFB742 /* Pods-Nate_chellenge_iOS.release.xcconfig */ = {isa = PBXFileReference; includeInIndex = 1; lastKnownFileType = text.xcconfig; name = "Pods-Nate_chellenge_iOS.release.xcconfig"; path = "Target Support Files/Pods-Nate_chellenge_iOS/Pods-Nate_chellenge_iOS.release.xcconfig"; sourceTree = "<group>"; };
		730296762555CA1D008B0FB6 /* PageViewController.swift */ = {isa = PBXFileReference; lastKnownFileType = sourcecode.swift; path = PageViewController.swift; sourceTree = "<group>"; };
		730296AD2555F43D008B0FB6 /* ViewController1.swift */ = {isa = PBXFileReference; lastKnownFileType = sourcecode.swift; path = ViewController1.swift; sourceTree = "<group>"; };
		730296B22555F446008B0FB6 /* ViewController2.swift */ = {isa = PBXFileReference; lastKnownFileType = sourcecode.swift; path = ViewController2.swift; sourceTree = "<group>"; };
		730296B72555F458008B0FB6 /* ViewController3.swift */ = {isa = PBXFileReference; lastKnownFileType = sourcecode.swift; path = ViewController3.swift; sourceTree = "<group>"; };
		7343EAF12556C85D00B6679E /* Product.swift */ = {isa = PBXFileReference; lastKnownFileType = sourcecode.swift; path = Product.swift; sourceTree = "<group>"; };
		7343EAF62556C88400B6679E /* ProductTableViewCell.swift */ = {isa = PBXFileReference; lastKnownFileType = sourcecode.swift; path = ProductTableViewCell.swift; sourceTree = "<group>"; };
		7343EAFB2556CDD000B6679E /* RecommendedViewController.swift */ = {isa = PBXFileReference; lastKnownFileType = sourcecode.swift; path = RecommendedViewController.swift; sourceTree = "<group>"; };
		7343EB002557063700B6679E /* Merchant.swift */ = {isa = PBXFileReference; lastKnownFileType = sourcecode.swift; path = Merchant.swift; sourceTree = "<group>"; };
		7343EB05255707CA00B6679E /* MerchantViewController.swift */ = {isa = PBXFileReference; lastKnownFileType = sourcecode.swift; path = MerchantViewController.swift; sourceTree = "<group>"; };
		7343EB0A255707E000B6679E /* MerchantTableViewCell.swift */ = {isa = PBXFileReference; lastKnownFileType = sourcecode.swift; path = MerchantTableViewCell.swift; sourceTree = "<group>"; };
		7343EB3225576E7300B6679E /* Displayable.swift */ = {isa = PBXFileReference; fileEncoding = 4; lastKnownFileType = sourcecode.swift; path = Displayable.swift; sourceTree = "<group>"; };
		7343EB36255773CC00B6679E /* DetailViewController.swift */ = {isa = PBXFileReference; lastKnownFileType = sourcecode.swift; path = DetailViewController.swift; sourceTree = "<group>"; };
		7343EB3A2557777D00B6679E /* Products.swift */ = {isa = PBXFileReference; lastKnownFileType = sourcecode.swift; path = Products.swift; sourceTree = "<group>"; };
		736418C22556226E000A0B0D /* FeedViewController.swift */ = {isa = PBXFileReference; lastKnownFileType = sourcecode.swift; path = FeedViewController.swift; sourceTree = "<group>"; };
		73D2CEAE25556CA7003894F2 /* Nate_chellenge_iOS.app */ = {isa = PBXFileReference; explicitFileType = wrapper.application; includeInIndex = 0; path = Nate_chellenge_iOS.app; sourceTree = BUILT_PRODUCTS_DIR; };
		73D2CEB125556CA7003894F2 /* AppDelegate.swift */ = {isa = PBXFileReference; lastKnownFileType = sourcecode.swift; path = AppDelegate.swift; sourceTree = "<group>"; };
		73D2CEB325556CA7003894F2 /* SceneDelegate.swift */ = {isa = PBXFileReference; lastKnownFileType = sourcecode.swift; path = SceneDelegate.swift; sourceTree = "<group>"; };
		73D2CEB525556CA7003894F2 /* HomeViewController.swift */ = {isa = PBXFileReference; lastKnownFileType = sourcecode.swift; path = HomeViewController.swift; sourceTree = "<group>"; };
		73D2CEB825556CA7003894F2 /* Base */ = {isa = PBXFileReference; lastKnownFileType = file.storyboard; name = Base; path = Base.lproj/Main.storyboard; sourceTree = "<group>"; };
		73D2CEBB25556CA7003894F2 /* Nate_chellenge_iOS.xcdatamodel */ = {isa = PBXFileReference; lastKnownFileType = wrapper.xcdatamodel; path = Nate_chellenge_iOS.xcdatamodel; sourceTree = "<group>"; };
		73D2CEBD25556CA9003894F2 /* Assets.xcassets */ = {isa = PBXFileReference; lastKnownFileType = folder.assetcatalog; path = Assets.xcassets; sourceTree = "<group>"; };
		73D2CEC025556CA9003894F2 /* Base */ = {isa = PBXFileReference; lastKnownFileType = file.storyboard; name = Base; path = Base.lproj/LaunchScreen.storyboard; sourceTree = "<group>"; };
		73D2CEC225556CA9003894F2 /* Info.plist */ = {isa = PBXFileReference; lastKnownFileType = text.plist.xml; path = Info.plist; sourceTree = "<group>"; };
		73D2CEC725556CA9003894F2 /* Nate_chellenge_iOSTests.xctest */ = {isa = PBXFileReference; explicitFileType = wrapper.cfbundle; includeInIndex = 0; path = Nate_chellenge_iOSTests.xctest; sourceTree = BUILT_PRODUCTS_DIR; };
		73D2CECB25556CA9003894F2 /* Nate_chellenge_iOSTests.swift */ = {isa = PBXFileReference; lastKnownFileType = sourcecode.swift; path = Nate_chellenge_iOSTests.swift; sourceTree = "<group>"; };
		73D2CECD25556CA9003894F2 /* Info.plist */ = {isa = PBXFileReference; lastKnownFileType = text.plist.xml; path = Info.plist; sourceTree = "<group>"; };
		73D2CED225556CA9003894F2 /* Nate_chellenge_iOSUITests.xctest */ = {isa = PBXFileReference; explicitFileType = wrapper.cfbundle; includeInIndex = 0; path = Nate_chellenge_iOSUITests.xctest; sourceTree = BUILT_PRODUCTS_DIR; };
		73D2CED625556CA9003894F2 /* Nate_chellenge_iOSUITests.swift */ = {isa = PBXFileReference; lastKnownFileType = sourcecode.swift; path = Nate_chellenge_iOSUITests.swift; sourceTree = "<group>"; };
		73D2CED825556CA9003894F2 /* Info.plist */ = {isa = PBXFileReference; lastKnownFileType = text.plist.xml; path = Info.plist; sourceTree = "<group>"; };
		88A72FB8DB5F5A74724F57CD /* Pods_Nate_chellenge_iOS.framework */ = {isa = PBXFileReference; explicitFileType = wrapper.framework; includeInIndex = 0; path = Pods_Nate_chellenge_iOS.framework; sourceTree = BUILT_PRODUCTS_DIR; };
		A053CC80853EDB81C9A13A91 /* Pods-Nate_chellenge_iOS-Nate_chellenge_iOSUITests.debug.xcconfig */ = {isa = PBXFileReference; includeInIndex = 1; lastKnownFileType = text.xcconfig; name = "Pods-Nate_chellenge_iOS-Nate_chellenge_iOSUITests.debug.xcconfig"; path = "Target Support Files/Pods-Nate_chellenge_iOS-Nate_chellenge_iOSUITests/Pods-Nate_chellenge_iOS-Nate_chellenge_iOSUITests.debug.xcconfig"; sourceTree = "<group>"; };
		C70417499FDA657CB3483717 /* Pods_Nate_chellenge_iOSTests.framework */ = {isa = PBXFileReference; explicitFileType = wrapper.framework; includeInIndex = 0; path = Pods_Nate_chellenge_iOSTests.framework; sourceTree = BUILT_PRODUCTS_DIR; };
		E43C7FB5963F2A657EF0D7AD /* Pods-Nate_chellenge_iOS.debug.xcconfig */ = {isa = PBXFileReference; includeInIndex = 1; lastKnownFileType = text.xcconfig; name = "Pods-Nate_chellenge_iOS.debug.xcconfig"; path = "Target Support Files/Pods-Nate_chellenge_iOS/Pods-Nate_chellenge_iOS.debug.xcconfig"; sourceTree = "<group>"; };
		F6C64579966D6B9FF8066EB1 /* Pods-Nate_chellenge_iOSTests.debug.xcconfig */ = {isa = PBXFileReference; includeInIndex = 1; lastKnownFileType = text.xcconfig; name = "Pods-Nate_chellenge_iOSTests.debug.xcconfig"; path = "Target Support Files/Pods-Nate_chellenge_iOSTests/Pods-Nate_chellenge_iOSTests.debug.xcconfig"; sourceTree = "<group>"; };
/* End PBXFileReference section */

/* Begin PBXFrameworksBuildPhase section */
		73D2CEAB25556CA7003894F2 /* Frameworks */ = {
			isa = PBXFrameworksBuildPhase;
			buildActionMask = 2147483647;
			files = (
				62BA69B6F71B3B4F38E41E33 /* Pods_Nate_chellenge_iOS.framework in Frameworks */,
			);
			runOnlyForDeploymentPostprocessing = 0;
		};
		73D2CEC425556CA9003894F2 /* Frameworks */ = {
			isa = PBXFrameworksBuildPhase;
			buildActionMask = 2147483647;
			files = (
				7658BD3BCD24F7783A06702A /* Pods_Nate_chellenge_iOSTests.framework in Frameworks */,
			);
			runOnlyForDeploymentPostprocessing = 0;
		};
		73D2CECF25556CA9003894F2 /* Frameworks */ = {
			isa = PBXFrameworksBuildPhase;
			buildActionMask = 2147483647;
			files = (
				90937D93F8CA9A3239816909 /* Pods_Nate_chellenge_iOS_Nate_chellenge_iOSUITests.framework in Frameworks */,
			);
			runOnlyForDeploymentPostprocessing = 0;
		};
/* End PBXFrameworksBuildPhase section */

/* Begin PBXGroup section */
		3CF193428142D7F633B09436 /* Pods */ = {
			isa = PBXGroup;
			children = (
				E43C7FB5963F2A657EF0D7AD /* Pods-Nate_chellenge_iOS.debug.xcconfig */,
				6C2FF26DAFBAF97B2ABFB742 /* Pods-Nate_chellenge_iOS.release.xcconfig */,
				A053CC80853EDB81C9A13A91 /* Pods-Nate_chellenge_iOS-Nate_chellenge_iOSUITests.debug.xcconfig */,
				634EF433411C6E508B9AFF81 /* Pods-Nate_chellenge_iOS-Nate_chellenge_iOSUITests.release.xcconfig */,
				F6C64579966D6B9FF8066EB1 /* Pods-Nate_chellenge_iOSTests.debug.xcconfig */,
				26B8340A7F3E700CC8374C00 /* Pods-Nate_chellenge_iOSTests.release.xcconfig */,
			);
			path = Pods;
			sourceTree = "<group>";
		};
		7343EB2525575DF300B6679E /* UIPageControllers */ = {
			isa = PBXGroup;
			children = (
				730296AD2555F43D008B0FB6 /* ViewController1.swift */,
				730296B22555F446008B0FB6 /* ViewController2.swift */,
				730296B72555F458008B0FB6 /* ViewController3.swift */,
			);
			path = UIPageControllers;
			sourceTree = "<group>";
		};
		7343EB31255765A600B6679E /* Networking */ = {
			isa = PBXGroup;
			children = (
				7343EB3225576E7300B6679E /* Displayable.swift */,
				7343EAF12556C85D00B6679E /* Product.swift */,
				7343EB3A2557777D00B6679E /* Products.swift */,
			);
			path = Networking;
			sourceTree = "<group>";
		};
		73D2CEA525556CA7003894F2 = {
			isa = PBXGroup;
			children = (
				73D2CEB025556CA7003894F2 /* Nate_chellenge_iOS */,
				73D2CECA25556CA9003894F2 /* Nate_chellenge_iOSTests */,
				73D2CED525556CA9003894F2 /* Nate_chellenge_iOSUITests */,
				73D2CEAF25556CA7003894F2 /* Products */,
				3CF193428142D7F633B09436 /* Pods */,
				75AB0EF2C0F60A1C9207A8EE /* Frameworks */,
			);
			sourceTree = "<group>";
		};
		73D2CEAF25556CA7003894F2 /* Products */ = {
			isa = PBXGroup;
			children = (
				73D2CEAE25556CA7003894F2 /* Nate_chellenge_iOS.app */,
				73D2CEC725556CA9003894F2 /* Nate_chellenge_iOSTests.xctest */,
				73D2CED225556CA9003894F2 /* Nate_chellenge_iOSUITests.xctest */,
			);
			name = Products;
			sourceTree = "<group>";
		};
		73D2CEB025556CA7003894F2 /* Nate_chellenge_iOS */ = {
			isa = PBXGroup;
			children = (
				73D2CEB125556CA7003894F2 /* AppDelegate.swift */,
				73D2CEB325556CA7003894F2 /* SceneDelegate.swift */,
				73D2CEB525556CA7003894F2 /* HomeViewController.swift */,
				73D2CEB725556CA7003894F2 /* Main.storyboard */,
				7343EB31255765A600B6679E /* Networking */,
				7343EB05255707CA00B6679E /* MerchantViewController.swift */,
				7343EB0A255707E000B6679E /* MerchantTableViewCell.swift */,
				7343EB36255773CC00B6679E /* DetailViewController.swift */,
				7343EB002557063700B6679E /* Merchant.swift */,
				7343EAFB2556CDD000B6679E /* RecommendedViewController.swift */,
				736418C22556226E000A0B0D /* FeedViewController.swift */,
				7343EAF62556C88400B6679E /* ProductTableViewCell.swift */,
				7343EB2525575DF300B6679E /* UIPageControllers */,
				730296762555CA1D008B0FB6 /* PageViewController.swift */,
				73D2CEBD25556CA9003894F2 /* Assets.xcassets */,
				73D2CEBF25556CA9003894F2 /* LaunchScreen.storyboard */,
				73D2CEC225556CA9003894F2 /* Info.plist */,
				73D2CEBA25556CA7003894F2 /* Nate_chellenge_iOS.xcdatamodeld */,
			);
			path = Nate_chellenge_iOS;
			sourceTree = "<group>";
		};
		73D2CECA25556CA9003894F2 /* Nate_chellenge_iOSTests */ = {
			isa = PBXGroup;
			children = (
				73D2CECB25556CA9003894F2 /* Nate_chellenge_iOSTests.swift */,
				73D2CECD25556CA9003894F2 /* Info.plist */,
			);
			path = Nate_chellenge_iOSTests;
			sourceTree = "<group>";
		};
		73D2CED525556CA9003894F2 /* Nate_chellenge_iOSUITests */ = {
			isa = PBXGroup;
			children = (
				73D2CED625556CA9003894F2 /* Nate_chellenge_iOSUITests.swift */,
				73D2CED825556CA9003894F2 /* Info.plist */,
			);
			path = Nate_chellenge_iOSUITests;
			sourceTree = "<group>";
		};
		75AB0EF2C0F60A1C9207A8EE /* Frameworks */ = {
			isa = PBXGroup;
			children = (
				88A72FB8DB5F5A74724F57CD /* Pods_Nate_chellenge_iOS.framework */,
				58BF5EDB29AA188569AF3711 /* Pods_Nate_chellenge_iOS_Nate_chellenge_iOSUITests.framework */,
				C70417499FDA657CB3483717 /* Pods_Nate_chellenge_iOSTests.framework */,
			);
			name = Frameworks;
			sourceTree = "<group>";
		};
/* End PBXGroup section */

/* Begin PBXNativeTarget section */
		73D2CEAD25556CA7003894F2 /* Nate_chellenge_iOS */ = {
			isa = PBXNativeTarget;
			buildConfigurationList = 73D2CEDB25556CA9003894F2 /* Build configuration list for PBXNativeTarget "Nate_chellenge_iOS" */;
			buildPhases = (
				BA47AF3D84F1D139F8320EA8 /* [CP] Check Pods Manifest.lock */,
				73D2CEAA25556CA7003894F2 /* Sources */,
				73D2CEAB25556CA7003894F2 /* Frameworks */,
				73D2CEAC25556CA7003894F2 /* Resources */,
				FD90F1BE478E4AD67EC5A5A0 /* [CP] Embed Pods Frameworks */,
				7343EB2C25575E8500B6679E /* Embed Frameworks */,
			);
			buildRules = (
			);
			dependencies = (
			);
			name = Nate_chellenge_iOS;
			productName = Nate_chellenge_iOS;
			productReference = 73D2CEAE25556CA7003894F2 /* Nate_chellenge_iOS.app */;
			productType = "com.apple.product-type.application";
		};
		73D2CEC625556CA9003894F2 /* Nate_chellenge_iOSTests */ = {
			isa = PBXNativeTarget;
			buildConfigurationList = 73D2CEDE25556CA9003894F2 /* Build configuration list for PBXNativeTarget "Nate_chellenge_iOSTests" */;
			buildPhases = (
				C851D59EF473E3F22E88C395 /* [CP] Check Pods Manifest.lock */,
				73D2CEC325556CA9003894F2 /* Sources */,
				73D2CEC425556CA9003894F2 /* Frameworks */,
				73D2CEC525556CA9003894F2 /* Resources */,
			);
			buildRules = (
			);
			dependencies = (
				73D2CEC925556CA9003894F2 /* PBXTargetDependency */,
			);
			name = Nate_chellenge_iOSTests;
			productName = Nate_chellenge_iOSTests;
			productReference = 73D2CEC725556CA9003894F2 /* Nate_chellenge_iOSTests.xctest */;
			productType = "com.apple.product-type.bundle.unit-test";
		};
		73D2CED125556CA9003894F2 /* Nate_chellenge_iOSUITests */ = {
			isa = PBXNativeTarget;
			buildConfigurationList = 73D2CEE125556CA9003894F2 /* Build configuration list for PBXNativeTarget "Nate_chellenge_iOSUITests" */;
			buildPhases = (
				1FDC491A057989BC85E6A516 /* [CP] Check Pods Manifest.lock */,
				73D2CECE25556CA9003894F2 /* Sources */,
				73D2CECF25556CA9003894F2 /* Frameworks */,
				73D2CED025556CA9003894F2 /* Resources */,
				AAA2C18FA8411C4A576905FD /* [CP] Embed Pods Frameworks */,
			);
			buildRules = (
			);
			dependencies = (
				73D2CED425556CA9003894F2 /* PBXTargetDependency */,
			);
			name = Nate_chellenge_iOSUITests;
			productName = Nate_chellenge_iOSUITests;
			productReference = 73D2CED225556CA9003894F2 /* Nate_chellenge_iOSUITests.xctest */;
			productType = "com.apple.product-type.bundle.ui-testing";
		};
/* End PBXNativeTarget section */

/* Begin PBXProject section */
		73D2CEA625556CA7003894F2 /* Project object */ = {
			isa = PBXProject;
			attributes = {
				LastSwiftUpdateCheck = 1210;
				LastUpgradeCheck = 1210;
				TargetAttributes = {
					73D2CEAD25556CA7003894F2 = {
						CreatedOnToolsVersion = 12.1;
					};
					73D2CEC625556CA9003894F2 = {
						CreatedOnToolsVersion = 12.1;
						TestTargetID = 73D2CEAD25556CA7003894F2;
					};
					73D2CED125556CA9003894F2 = {
						CreatedOnToolsVersion = 12.1;
						TestTargetID = 73D2CEAD25556CA7003894F2;
					};
				};
			};
			buildConfigurationList = 73D2CEA925556CA7003894F2 /* Build configuration list for PBXProject "Nate_chellenge_iOS" */;
			compatibilityVersion = "Xcode 9.3";
			developmentRegion = en;
			hasScannedForEncodings = 0;
			knownRegions = (
				en,
				Base,
			);
			mainGroup = 73D2CEA525556CA7003894F2;
			productRefGroup = 73D2CEAF25556CA7003894F2 /* Products */;
			projectDirPath = "";
			projectRoot = "";
			targets = (
				73D2CEAD25556CA7003894F2 /* Nate_chellenge_iOS */,
				73D2CEC625556CA9003894F2 /* Nate_chellenge_iOSTests */,
				73D2CED125556CA9003894F2 /* Nate_chellenge_iOSUITests */,
			);
		};
/* End PBXProject section */

/* Begin PBXResourcesBuildPhase section */
		73D2CEAC25556CA7003894F2 /* Resources */ = {
			isa = PBXResourcesBuildPhase;
			buildActionMask = 2147483647;
			files = (
				73D2CEC125556CA9003894F2 /* LaunchScreen.storyboard in Resources */,
				73D2CEBE25556CA9003894F2 /* Assets.xcassets in Resources */,
				73D2CEB925556CA7003894F2 /* Main.storyboard in Resources */,
			);
			runOnlyForDeploymentPostprocessing = 0;
		};
		73D2CEC525556CA9003894F2 /* Resources */ = {
			isa = PBXResourcesBuildPhase;
			buildActionMask = 2147483647;
			files = (
			);
			runOnlyForDeploymentPostprocessing = 0;
		};
		73D2CED025556CA9003894F2 /* Resources */ = {
			isa = PBXResourcesBuildPhase;
			buildActionMask = 2147483647;
			files = (
			);
			runOnlyForDeploymentPostprocessing = 0;
		};
/* End PBXResourcesBuildPhase section */

/* Begin PBXShellScriptBuildPhase section */
		1FDC491A057989BC85E6A516 /* [CP] Check Pods Manifest.lock */ = {
			isa = PBXShellScriptBuildPhase;
			buildActionMask = 2147483647;
			files = (
			);
			inputFileListPaths = (
			);
			inputPaths = (
				"${PODS_PODFILE_DIR_PATH}/Podfile.lock",
				"${PODS_ROOT}/Manifest.lock",
			);
			name = "[CP] Check Pods Manifest.lock";
			outputFileListPaths = (
			);
			outputPaths = (
				"$(DERIVED_FILE_DIR)/Pods-Nate_chellenge_iOS-Nate_chellenge_iOSUITests-checkManifestLockResult.txt",
			);
			runOnlyForDeploymentPostprocessing = 0;
			shellPath = /bin/sh;
			shellScript = "diff \"${PODS_PODFILE_DIR_PATH}/Podfile.lock\" \"${PODS_ROOT}/Manifest.lock\" > /dev/null\nif [ $? != 0 ] ; then\n    # print error to STDERR\n    echo \"error: The sandbox is not in sync with the Podfile.lock. Run 'pod install' or update your CocoaPods installation.\" >&2\n    exit 1\nfi\n# This output is used by Xcode 'outputs' to avoid re-running this script phase.\necho \"SUCCESS\" > \"${SCRIPT_OUTPUT_FILE_0}\"\n";
			showEnvVarsInLog = 0;
		};
		AAA2C18FA8411C4A576905FD /* [CP] Embed Pods Frameworks */ = {
			isa = PBXShellScriptBuildPhase;
			buildActionMask = 2147483647;
			files = (
			);
			inputFileListPaths = (
				"${PODS_ROOT}/Target Support Files/Pods-Nate_chellenge_iOS-Nate_chellenge_iOSUITests/Pods-Nate_chellenge_iOS-Nate_chellenge_iOSUITests-frameworks-${CONFIGURATION}-input-files.xcfilelist",
			);
			name = "[CP] Embed Pods Frameworks";
			outputFileListPaths = (
				"${PODS_ROOT}/Target Support Files/Pods-Nate_chellenge_iOS-Nate_chellenge_iOSUITests/Pods-Nate_chellenge_iOS-Nate_chellenge_iOSUITests-frameworks-${CONFIGURATION}-output-files.xcfilelist",
			);
			runOnlyForDeploymentPostprocessing = 0;
			shellPath = /bin/sh;
			shellScript = "\"${PODS_ROOT}/Target Support Files/Pods-Nate_chellenge_iOS-Nate_chellenge_iOSUITests/Pods-Nate_chellenge_iOS-Nate_chellenge_iOSUITests-frameworks.sh\"\n";
			showEnvVarsInLog = 0;
		};
		BA47AF3D84F1D139F8320EA8 /* [CP] Check Pods Manifest.lock */ = {
			isa = PBXShellScriptBuildPhase;
			buildActionMask = 2147483647;
			files = (
			);
			inputFileListPaths = (
			);
			inputPaths = (
				"${PODS_PODFILE_DIR_PATH}/Podfile.lock",
				"${PODS_ROOT}/Manifest.lock",
			);
			name = "[CP] Check Pods Manifest.lock";
			outputFileListPaths = (
			);
			outputPaths = (
				"$(DERIVED_FILE_DIR)/Pods-Nate_chellenge_iOS-checkManifestLockResult.txt",
			);
			runOnlyForDeploymentPostprocessing = 0;
			shellPath = /bin/sh;
			shellScript = "diff \"${PODS_PODFILE_DIR_PATH}/Podfile.lock\" \"${PODS_ROOT}/Manifest.lock\" > /dev/null\nif [ $? != 0 ] ; then\n    # print error to STDERR\n    echo \"error: The sandbox is not in sync with the Podfile.lock. Run 'pod install' or update your CocoaPods installation.\" >&2\n    exit 1\nfi\n# This output is used by Xcode 'outputs' to avoid re-running this script phase.\necho \"SUCCESS\" > \"${SCRIPT_OUTPUT_FILE_0}\"\n";
			showEnvVarsInLog = 0;
		};
		C851D59EF473E3F22E88C395 /* [CP] Check Pods Manifest.lock */ = {
			isa = PBXShellScriptBuildPhase;
			buildActionMask = 2147483647;
			files = (
			);
			inputFileListPaths = (
			);
			inputPaths = (
				"${PODS_PODFILE_DIR_PATH}/Podfile.lock",
				"${PODS_ROOT}/Manifest.lock",
			);
			name = "[CP] Check Pods Manifest.lock";
			outputFileListPaths = (
			);
			outputPaths = (
				"$(DERIVED_FILE_DIR)/Pods-Nate_chellenge_iOSTests-checkManifestLockResult.txt",
			);
			runOnlyForDeploymentPostprocessing = 0;
			shellPath = /bin/sh;
			shellScript = "diff \"${PODS_PODFILE_DIR_PATH}/Podfile.lock\" \"${PODS_ROOT}/Manifest.lock\" > /dev/null\nif [ $? != 0 ] ; then\n    # print error to STDERR\n    echo \"error: The sandbox is not in sync with the Podfile.lock. Run 'pod install' or update your CocoaPods installation.\" >&2\n    exit 1\nfi\n# This output is used by Xcode 'outputs' to avoid re-running this script phase.\necho \"SUCCESS\" > \"${SCRIPT_OUTPUT_FILE_0}\"\n";
			showEnvVarsInLog = 0;
		};
		FD90F1BE478E4AD67EC5A5A0 /* [CP] Embed Pods Frameworks */ = {
			isa = PBXShellScriptBuildPhase;
			buildActionMask = 2147483647;
			files = (
			);
			inputFileListPaths = (
				"${PODS_ROOT}/Target Support Files/Pods-Nate_chellenge_iOS/Pods-Nate_chellenge_iOS-frameworks-${CONFIGURATION}-input-files.xcfilelist",
			);
			name = "[CP] Embed Pods Frameworks";
			outputFileListPaths = (
				"${PODS_ROOT}/Target Support Files/Pods-Nate_chellenge_iOS/Pods-Nate_chellenge_iOS-frameworks-${CONFIGURATION}-output-files.xcfilelist",
			);
			runOnlyForDeploymentPostprocessing = 0;
			shellPath = /bin/sh;
			shellScript = "\"${PODS_ROOT}/Target Support Files/Pods-Nate_chellenge_iOS/Pods-Nate_chellenge_iOS-frameworks.sh\"\n";
			showEnvVarsInLog = 0;
		};
/* End PBXShellScriptBuildPhase section */

/* Begin PBXSourcesBuildPhase section */
		73D2CEAA25556CA7003894F2 /* Sources */ = {
			isa = PBXSourcesBuildPhase;
			buildActionMask = 2147483647;
			files = (
				730296B32555F446008B0FB6 /* ViewController2.swift in Sources */,
				7343EB37255773CC00B6679E /* DetailViewController.swift in Sources */,
				736418C32556226E000A0B0D /* FeedViewController.swift in Sources */,
				730296AE2555F43D008B0FB6 /* ViewController1.swift in Sources */,
				730296B82555F458008B0FB6 /* ViewController3.swift in Sources */,
				7343EAFC2556CDD000B6679E /* RecommendedViewController.swift in Sources */,
				73D2CEB625556CA7003894F2 /* HomeViewController.swift in Sources */,
				7343EB3325576E7300B6679E /* Displayable.swift in Sources */,
				7343EB06255707CA00B6679E /* MerchantViewController.swift in Sources */,
				7343EB3B2557777D00B6679E /* Products.swift in Sources */,
				7343EB0B255707E000B6679E /* MerchantTableViewCell.swift in Sources */,
				73D2CEB225556CA7003894F2 /* AppDelegate.swift in Sources */,
				73D2CEB425556CA7003894F2 /* SceneDelegate.swift in Sources */,
				7343EAF72556C88400B6679E /* ProductTableViewCell.swift in Sources */,
				7343EB012557063800B6679E /* Merchant.swift in Sources */,
				7343EAF22556C85D00B6679E /* Product.swift in Sources */,
				73D2CEBC25556CA7003894F2 /* Nate_chellenge_iOS.xcdatamodeld in Sources */,
				730296772555CA1D008B0FB6 /* PageViewController.swift in Sources */,
			);
			runOnlyForDeploymentPostprocessing = 0;
		};
		73D2CEC325556CA9003894F2 /* Sources */ = {
			isa = PBXSourcesBuildPhase;
			buildActionMask = 2147483647;
			files = (
				73D2CECC25556CA9003894F2 /* Nate_chellenge_iOSTests.swift in Sources */,
			);
			runOnlyForDeploymentPostprocessing = 0;
		};
		73D2CECE25556CA9003894F2 /* Sources */ = {
			isa = PBXSourcesBuildPhase;
			buildActionMask = 2147483647;
			files = (
				73D2CED725556CA9003894F2 /* Nate_chellenge_iOSUITests.swift in Sources */,
			);
			runOnlyForDeploymentPostprocessing = 0;
		};
/* End PBXSourcesBuildPhase section */

/* Begin PBXTargetDependency section */
		73D2CEC925556CA9003894F2 /* PBXTargetDependency */ = {
			isa = PBXTargetDependency;
			target = 73D2CEAD25556CA7003894F2 /* Nate_chellenge_iOS */;
			targetProxy = 73D2CEC825556CA9003894F2 /* PBXContainerItemProxy */;
		};
		73D2CED425556CA9003894F2 /* PBXTargetDependency */ = {
			isa = PBXTargetDependency;
			target = 73D2CEAD25556CA7003894F2 /* Nate_chellenge_iOS */;
			targetProxy = 73D2CED325556CA9003894F2 /* PBXContainerItemProxy */;
		};
/* End PBXTargetDependency section */

/* Begin PBXVariantGroup section */
		73D2CEB725556CA7003894F2 /* Main.storyboard */ = {
			isa = PBXVariantGroup;
			children = (
				73D2CEB825556CA7003894F2 /* Base */,
			);
			name = Main.storyboard;
			sourceTree = "<group>";
		};
		73D2CEBF25556CA9003894F2 /* LaunchScreen.storyboard */ = {
			isa = PBXVariantGroup;
			children = (
				73D2CEC025556CA9003894F2 /* Base */,
			);
			name = LaunchScreen.storyboard;
			sourceTree = "<group>";
		};
/* End PBXVariantGroup section */

/* Begin XCBuildConfiguration section */
		73D2CED925556CA9003894F2 /* Debug */ = {
			isa = XCBuildConfiguration;
			buildSettings = {
				ALWAYS_SEARCH_USER_PATHS = NO;
				CLANG_ANALYZER_NONNULL = YES;
				CLANG_ANALYZER_NUMBER_OBJECT_CONVERSION = YES_AGGRESSIVE;
				CLANG_CXX_LANGUAGE_STANDARD = "gnu++14";
				CLANG_CXX_LIBRARY = "libc++";
				CLANG_ENABLE_MODULES = YES;
				CLANG_ENABLE_OBJC_ARC = YES;
				CLANG_ENABLE_OBJC_WEAK = YES;
				CLANG_WARN_BLOCK_CAPTURE_AUTORELEASING = YES;
				CLANG_WARN_BOOL_CONVERSION = YES;
				CLANG_WARN_COMMA = YES;
				CLANG_WARN_CONSTANT_CONVERSION = YES;
				CLANG_WARN_DEPRECATED_OBJC_IMPLEMENTATIONS = YES;
				CLANG_WARN_DIRECT_OBJC_ISA_USAGE = YES_ERROR;
				CLANG_WARN_DOCUMENTATION_COMMENTS = YES;
				CLANG_WARN_EMPTY_BODY = YES;
				CLANG_WARN_ENUM_CONVERSION = YES;
				CLANG_WARN_INFINITE_RECURSION = YES;
				CLANG_WARN_INT_CONVERSION = YES;
				CLANG_WARN_NON_LITERAL_NULL_CONVERSION = YES;
				CLANG_WARN_OBJC_IMPLICIT_RETAIN_SELF = YES;
				CLANG_WARN_OBJC_LITERAL_CONVERSION = YES;
				CLANG_WARN_OBJC_ROOT_CLASS = YES_ERROR;
				CLANG_WARN_QUOTED_INCLUDE_IN_FRAMEWORK_HEADER = YES;
				CLANG_WARN_RANGE_LOOP_ANALYSIS = YES;
				CLANG_WARN_STRICT_PROTOTYPES = YES;
				CLANG_WARN_SUSPICIOUS_MOVE = YES;
				CLANG_WARN_UNGUARDED_AVAILABILITY = YES_AGGRESSIVE;
				CLANG_WARN_UNREACHABLE_CODE = YES;
				CLANG_WARN__DUPLICATE_METHOD_MATCH = YES;
				COPY_PHASE_STRIP = NO;
				DEBUG_INFORMATION_FORMAT = dwarf;
				ENABLE_STRICT_OBJC_MSGSEND = YES;
				ENABLE_TESTABILITY = YES;
				GCC_C_LANGUAGE_STANDARD = gnu11;
				GCC_DYNAMIC_NO_PIC = NO;
				GCC_NO_COMMON_BLOCKS = YES;
				GCC_OPTIMIZATION_LEVEL = 0;
				GCC_PREPROCESSOR_DEFINITIONS = (
					"DEBUG=1",
					"$(inherited)",
				);
				GCC_WARN_64_TO_32_BIT_CONVERSION = YES;
				GCC_WARN_ABOUT_RETURN_TYPE = YES_ERROR;
				GCC_WARN_UNDECLARED_SELECTOR = YES;
				GCC_WARN_UNINITIALIZED_AUTOS = YES_AGGRESSIVE;
				GCC_WARN_UNUSED_FUNCTION = YES;
				GCC_WARN_UNUSED_VARIABLE = YES;
				IPHONEOS_DEPLOYMENT_TARGET = 14.1;
				MTL_ENABLE_DEBUG_INFO = INCLUDE_SOURCE;
				MTL_FAST_MATH = YES;
				ONLY_ACTIVE_ARCH = YES;
				SDKROOT = iphoneos;
				SWIFT_ACTIVE_COMPILATION_CONDITIONS = DEBUG;
				SWIFT_OPTIMIZATION_LEVEL = "-Onone";
			};
			name = Debug;
		};
		73D2CEDA25556CA9003894F2 /* Release */ = {
			isa = XCBuildConfiguration;
			buildSettings = {
				ALWAYS_SEARCH_USER_PATHS = NO;
				CLANG_ANALYZER_NONNULL = YES;
				CLANG_ANALYZER_NUMBER_OBJECT_CONVERSION = YES_AGGRESSIVE;
				CLANG_CXX_LANGUAGE_STANDARD = "gnu++14";
				CLANG_CXX_LIBRARY = "libc++";
				CLANG_ENABLE_MODULES = YES;
				CLANG_ENABLE_OBJC_ARC = YES;
				CLANG_ENABLE_OBJC_WEAK = YES;
				CLANG_WARN_BLOCK_CAPTURE_AUTORELEASING = YES;
				CLANG_WARN_BOOL_CONVERSION = YES;
				CLANG_WARN_COMMA = YES;
				CLANG_WARN_CONSTANT_CONVERSION = YES;
				CLANG_WARN_DEPRECATED_OBJC_IMPLEMENTATIONS = YES;
				CLANG_WARN_DIRECT_OBJC_ISA_USAGE = YES_ERROR;
				CLANG_WARN_DOCUMENTATION_COMMENTS = YES;
				CLANG_WARN_EMPTY_BODY = YES;
				CLANG_WARN_ENUM_CONVERSION = YES;
				CLANG_WARN_INFINITE_RECURSION = YES;
				CLANG_WARN_INT_CONVERSION = YES;
				CLANG_WARN_NON_LITERAL_NULL_CONVERSION = YES;
				CLANG_WARN_OBJC_IMPLICIT_RETAIN_SELF = YES;
				CLANG_WARN_OBJC_LITERAL_CONVERSION = YES;
				CLANG_WARN_OBJC_ROOT_CLASS = YES_ERROR;
				CLANG_WARN_QUOTED_INCLUDE_IN_FRAMEWORK_HEADER = YES;
				CLANG_WARN_RANGE_LOOP_ANALYSIS = YES;
				CLANG_WARN_STRICT_PROTOTYPES = YES;
				CLANG_WARN_SUSPICIOUS_MOVE = YES;
				CLANG_WARN_UNGUARDED_AVAILABILITY = YES_AGGRESSIVE;
				CLANG_WARN_UNREACHABLE_CODE = YES;
				CLANG_WARN__DUPLICATE_METHOD_MATCH = YES;
				COPY_PHASE_STRIP = NO;
				DEBUG_INFORMATION_FORMAT = "dwarf-with-dsym";
				ENABLE_NS_ASSERTIONS = NO;
				ENABLE_STRICT_OBJC_MSGSEND = YES;
				GCC_C_LANGUAGE_STANDARD = gnu11;
				GCC_NO_COMMON_BLOCKS = YES;
				GCC_WARN_64_TO_32_BIT_CONVERSION = YES;
				GCC_WARN_ABOUT_RETURN_TYPE = YES_ERROR;
				GCC_WARN_UNDECLARED_SELECTOR = YES;
				GCC_WARN_UNINITIALIZED_AUTOS = YES_AGGRESSIVE;
				GCC_WARN_UNUSED_FUNCTION = YES;
				GCC_WARN_UNUSED_VARIABLE = YES;
				IPHONEOS_DEPLOYMENT_TARGET = 14.1;
				MTL_ENABLE_DEBUG_INFO = NO;
				MTL_FAST_MATH = YES;
				SDKROOT = iphoneos;
				SWIFT_COMPILATION_MODE = wholemodule;
				SWIFT_OPTIMIZATION_LEVEL = "-O";
				VALIDATE_PRODUCT = YES;
			};
			name = Release;
		};
		73D2CEDC25556CA9003894F2 /* Debug */ = {
			isa = XCBuildConfiguration;
			baseConfigurationReference = E43C7FB5963F2A657EF0D7AD /* Pods-Nate_chellenge_iOS.debug.xcconfig */;
			buildSettings = {
				ASSETCATALOG_COMPILER_APPICON_NAME = AppIcon;
				ASSETCATALOG_COMPILER_GLOBAL_ACCENT_COLOR_NAME = AccentColor;
				CODE_SIGN_STYLE = Automatic;
				DEVELOPMENT_TEAM = 8A8VNC6KC9;
				INFOPLIST_FILE = Nate_chellenge_iOS/Info.plist;
				LD_RUNPATH_SEARCH_PATHS = (
					"$(inherited)",
					"@executable_path/Frameworks",
				);
				PRODUCT_BUNDLE_IDENTIFIER = "Kantachat.Nate-chellenge-iOS";
				PRODUCT_NAME = "$(TARGET_NAME)";
				SWIFT_VERSION = 5.0;
				TARGETED_DEVICE_FAMILY = "1,2";
			};
			name = Debug;
		};
		73D2CEDD25556CA9003894F2 /* Release */ = {
			isa = XCBuildConfiguration;
			baseConfigurationReference = 6C2FF26DAFBAF97B2ABFB742 /* Pods-Nate_chellenge_iOS.release.xcconfig */;
			buildSettings = {
				ASSETCATALOG_COMPILER_APPICON_NAME = AppIcon;
				ASSETCATALOG_COMPILER_GLOBAL_ACCENT_COLOR_NAME = AccentColor;
				CODE_SIGN_STYLE = Automatic;
				DEVELOPMENT_TEAM = 8A8VNC6KC9;
				INFOPLIST_FILE = Nate_chellenge_iOS/Info.plist;
				LD_RUNPATH_SEARCH_PATHS = (
					"$(inherited)",
					"@executable_path/Frameworks",
				);
				PRODUCT_BUNDLE_IDENTIFIER = "Kantachat.Nate-chellenge-iOS";
				PRODUCT_NAME = "$(TARGET_NAME)";
				SWIFT_VERSION = 5.0;
				TARGETED_DEVICE_FAMILY = "1,2";
			};
			name = Release;
		};
		73D2CEDF25556CA9003894F2 /* Debug */ = {
			isa = XCBuildConfiguration;
			baseConfigurationReference = F6C64579966D6B9FF8066EB1 /* Pods-Nate_chellenge_iOSTests.debug.xcconfig */;
			buildSettings = {
				ALWAYS_EMBED_SWIFT_STANDARD_LIBRARIES = YES;
				BUNDLE_LOADER = "$(TEST_HOST)";
				CODE_SIGN_STYLE = Automatic;
				DEVELOPMENT_TEAM = 8A8VNC6KC9;
				INFOPLIST_FILE = Nate_chellenge_iOSTests/Info.plist;
				IPHONEOS_DEPLOYMENT_TARGET = 14.1;
				LD_RUNPATH_SEARCH_PATHS = (
					"$(inherited)",
					"@executable_path/Frameworks",
					"@loader_path/Frameworks",
				);
				PRODUCT_BUNDLE_IDENTIFIER = "Kantachat.Nate-chellenge-iOSTests";
				PRODUCT_NAME = "$(TARGET_NAME)";
				SWIFT_VERSION = 5.0;
				TARGETED_DEVICE_FAMILY = "1,2";
				TEST_HOST = "$(BUILT_PRODUCTS_DIR)/Nate_chellenge_iOS.app/Nate_chellenge_iOS";
			};
			name = Debug;
		};
		73D2CEE025556CA9003894F2 /* Release */ = {
			isa = XCBuildConfiguration;
			baseConfigurationReference = 26B8340A7F3E700CC8374C00 /* Pods-Nate_chellenge_iOSTests.release.xcconfig */;
			buildSettings = {
				ALWAYS_EMBED_SWIFT_STANDARD_LIBRARIES = YES;
				BUNDLE_LOADER = "$(TEST_HOST)";
				CODE_SIGN_STYLE = Automatic;
				DEVELOPMENT_TEAM = 8A8VNC6KC9;
				INFOPLIST_FILE = Nate_chellenge_iOSTests/Info.plist;
				IPHONEOS_DEPLOYMENT_TARGET = 14.1;
				LD_RUNPATH_SEARCH_PATHS = (
					"$(inherited)",
					"@executable_path/Frameworks",
					"@loader_path/Frameworks",
				);
				PRODUCT_BUNDLE_IDENTIFIER = "Kantachat.Nate-chellenge-iOSTests";
				PRODUCT_NAME = "$(TARGET_NAME)";
				SWIFT_VERSION = 5.0;
				TARGETED_DEVICE_FAMILY = "1,2";
				TEST_HOST = "$(BUILT_PRODUCTS_DIR)/Nate_chellenge_iOS.app/Nate_chellenge_iOS";
			};
			name = Release;
		};
		73D2CEE225556CA9003894F2 /* Debug */ = {
			isa = XCBuildConfiguration;
			baseConfigurationReference = A053CC80853EDB81C9A13A91 /* Pods-Nate_chellenge_iOS-Nate_chellenge_iOSUITests.debug.xcconfig */;
			buildSettings = {
				ALWAYS_EMBED_SWIFT_STANDARD_LIBRARIES = YES;
				CODE_SIGN_STYLE = Automatic;
				DEVELOPMENT_TEAM = 8A8VNC6KC9;
				INFOPLIST_FILE = Nate_chellenge_iOSUITests/Info.plist;
				LD_RUNPATH_SEARCH_PATHS = (
					"$(inherited)",
					"@executable_path/Frameworks",
					"@loader_path/Frameworks",
				);
				PRODUCT_BUNDLE_IDENTIFIER = "Kantachat.Nate-chellenge-iOSUITests";
				PRODUCT_NAME = "$(TARGET_NAME)";
				SWIFT_VERSION = 5.0;
				TARGETED_DEVICE_FAMILY = "1,2";
				TEST_TARGET_NAME = Nate_chellenge_iOS;
			};
			name = Debug;
		};
		73D2CEE325556CA9003894F2 /* Release */ = {
			isa = XCBuildConfiguration;
			baseConfigurationReference = 634EF433411C6E508B9AFF81 /* Pods-Nate_chellenge_iOS-Nate_chellenge_iOSUITests.release.xcconfig */;
			buildSettings = {
				ALWAYS_EMBED_SWIFT_STANDARD_LIBRARIES = YES;
				CODE_SIGN_STYLE = Automatic;
				DEVELOPMENT_TEAM = 8A8VNC6KC9;
				INFOPLIST_FILE = Nate_chellenge_iOSUITests/Info.plist;
				LD_RUNPATH_SEARCH_PATHS = (
					"$(inherited)",
					"@executable_path/Frameworks",
					"@loader_path/Frameworks",
				);
				PRODUCT_BUNDLE_IDENTIFIER = "Kantachat.Nate-chellenge-iOSUITests";
				PRODUCT_NAME = "$(TARGET_NAME)";
				SWIFT_VERSION = 5.0;
				TARGETED_DEVICE_FAMILY = "1,2";
				TEST_TARGET_NAME = Nate_chellenge_iOS;
			};
			name = Release;
		};
/* End XCBuildConfiguration section */

/* Begin XCConfigurationList section */
		73D2CEA925556CA7003894F2 /* Build configuration list for PBXProject "Nate_chellenge_iOS" */ = {
			isa = XCConfigurationList;
			buildConfigurations = (
				73D2CED925556CA9003894F2 /* Debug */,
				73D2CEDA25556CA9003894F2 /* Release */,
			);
			defaultConfigurationIsVisible = 0;
			defaultConfigurationName = Release;
		};
		73D2CEDB25556CA9003894F2 /* Build configuration list for PBXNativeTarget "Nate_chellenge_iOS" */ = {
			isa = XCConfigurationList;
			buildConfigurations = (
				73D2CEDC25556CA9003894F2 /* Debug */,
				73D2CEDD25556CA9003894F2 /* Release */,
			);
			defaultConfigurationIsVisible = 0;
			defaultConfigurationName = Release;
		};
		73D2CEDE25556CA9003894F2 /* Build configuration list for PBXNativeTarget "Nate_chellenge_iOSTests" */ = {
			isa = XCConfigurationList;
			buildConfigurations = (
				73D2CEDF25556CA9003894F2 /* Debug */,
				73D2CEE025556CA9003894F2 /* Release */,
			);
			defaultConfigurationIsVisible = 0;
			defaultConfigurationName = Release;
		};
		73D2CEE125556CA9003894F2 /* Build configuration list for PBXNativeTarget "Nate_chellenge_iOSUITests" */ = {
			isa = XCConfigurationList;
			buildConfigurations = (
				73D2CEE225556CA9003894F2 /* Debug */,
				73D2CEE325556CA9003894F2 /* Release */,
			);
			defaultConfigurationIsVisible = 0;
			defaultConfigurationName = Release;
		};
/* End XCConfigurationList section */

/* Begin XCVersionGroup section */
		73D2CEBA25556CA7003894F2 /* Nate_chellenge_iOS.xcdatamodeld */ = {
			isa = XCVersionGroup;
			children = (
				73D2CEBB25556CA7003894F2 /* Nate_chellenge_iOS.xcdatamodel */,
			);
			currentVersion = 73D2CEBB25556CA7003894F2 /* Nate_chellenge_iOS.xcdatamodel */;
			path = Nate_chellenge_iOS.xcdatamodeld;
			sourceTree = "<group>";
			versionGroupType = wrapper.xcdatamodel;
		};
/* End XCVersionGroup section */
	};
	rootObject = 73D2CEA625556CA7003894F2 /* Project object */;
}
